
Microsoft Visual Studio Solution File, Format Version 12.00
# Visual Studio Version 17
VisualStudioVersion = 17.12.0.0
MinimumVisualStudioVersion = 10.0.40219.1
Project("{2150E333-8FDC-42A3-9474-1A3956D46DE8}") = "src", "src", "{827E0CD3-B72D-47B6-A68D-7590B98EB39B}"
EndProject
Project("{2150E333-8FDC-42A3-9474-1A3956D46DE8}") = "Aspire", "Aspire", "{52BF7FB6-37FF-5100-EFD1-124EFF302675}"
EndProject
Project("{FAE04EC0-301F-11D3-BF4B-00C04F79EFBC}") = "Marketplace.ServiceDefaults", "src\Aspire\Marketplace.ServiceDefaults\Marketplace.ServiceDefaults.csproj", "{40A96F56-B522-419F-86EA-F17A5D93D2D3}"
EndProject
Project("{FAE04EC0-301F-11D3-BF4B-00C04F79EFBC}") = "Marketplace.AppHost", "src\Aspire\Marketplace.AppHost\Marketplace.AppHost.csproj", "{BFE4EBDF-521F-4F61-A6B5-A42654CFBB3A}"
EndProject
Project("{2150E333-8FDC-42A3-9474-1A3956D46DE8}") = "BuildingBlocks", "BuildingBlocks", "{90298CBA-BD6F-3A0A-69D5-97CAD7B05E7E}"
EndProject
Project("{2150E333-8FDC-42A3-9474-1A3956D46DE8}") = "SharedKernel", "SharedKernel", "{29198B4F-BA60-D483-6723-7BD064451595}"
EndProject
Project("{FAE04EC0-301F-11D3-BF4B-00C04F79EFBC}") = "Marketplace.SharedKernel", "src\BuildingBlocks\SharedKernel\Marketplace.SharedKernel.csproj", "{701B2F9F-C606-4734-B177-56C93F93184F}"
EndProject
Project("{2150E333-8FDC-42A3-9474-1A3956D46DE8}") = "Contracts", "Contracts", "{6A36946C-4F06-BE70-24E6-0B0F125A7F9F}"
EndProject
Project("{FAE04EC0-301F-11D3-BF4B-00C04F79EFBC}") = "Marketplace.Contracts", "src\BuildingBlocks\Contracts\Marketplace.Contracts.csproj", "{2E1272D2-3BE3-4589-AC68-A8CF1DF672E7}"
EndProject
Project("{2150E333-8FDC-42A3-9474-1A3956D46DE8}") = "Observability", "Observability", "{408E099D-E5BE-D435-3378-22A4F9BFB988}"
EndProject
Project("{FAE04EC0-301F-11D3-BF4B-00C04F79EFBC}") = "Marketplace.Observability", "src\BuildingBlocks\Observability\Marketplace.Observability.csproj", "{4EA5C9A2-1372-4C8A-BA06-9E517627B290}"
EndProject
Project("{2150E333-8FDC-42A3-9474-1A3956D46DE8}") = "EventBus.MassTransit", "EventBus.MassTransit", "{24C9ED4C-8F0B-3BCC-025F-4C208F0D2521}"
EndProject
Project("{FAE04EC0-301F-11D3-BF4B-00C04F79EFBC}") = "Marketplace.EventBus.MassTransit", "src\BuildingBlocks\EventBus.MassTransit\Marketplace.EventBus.MassTransit.csproj", "{E8B672CC-0212-441F-9450-A50CFE249F8C}"
EndProject
Project("{2150E333-8FDC-42A3-9474-1A3956D46DE8}") = "Services", "Services", "{984BB9B3-3FA3-BE33-9484-CAC21695A33C}"
EndProject
Project("{2150E333-8FDC-42A3-9474-1A3956D46DE8}") = "Catalog", "Catalog", "{C91C1CF1-1625-0789-F869-53D87D6277BA}"
EndProject
Project("{FAE04EC0-301F-11D3-BF4B-00C04F79EFBC}") = "Marketplace.Catalog.Domain", "src\Services\Catalog\Marketplace.Catalog.Domain\Marketplace.Catalog.Domain.csproj", "{BD06D987-7DD2-4BB6-8B11-7488A66F3B44}"
EndProject
Project("{FAE04EC0-301F-11D3-BF4B-00C04F79EFBC}") = "Marketplace.Catalog.Application", "src\Services\Catalog\Marketplace.Catalog.Application\Marketplace.Catalog.Application.csproj", "{D1B8E69A-7ABD-46DA-84E8-3C5576C6CA04}"
EndProject
Project("{FAE04EC0-301F-11D3-BF4B-00C04F79EFBC}") = "Marketplace.Catalog.Infrastructure", "src\Services\Catalog\Marketplace.Catalog.Infrastructure\Marketplace.Catalog.Infrastructure.csproj", "{DE05B242-657F-4A18-A0BD-D5D9C69321A3}"
EndProject
Global
	GlobalSection(SolutionConfigurationPlatforms) = preSolution
		Debug|Any CPU = Debug|Any CPU
		Debug|x64 = Debug|x64
		Debug|x86 = Debug|x86
		Release|Any CPU = Release|Any CPU
		Release|x64 = Release|x64
		Release|x86 = Release|x86
	EndGlobalSection
	GlobalSection(ProjectConfigurationPlatforms) = postSolution
		{40A96F56-B522-419F-86EA-F17A5D93D2D3}.Debug|Any CPU.ActiveCfg = Debug|Any CPU
		{40A96F56-B522-419F-86EA-F17A5D93D2D3}.Debug|Any CPU.Build.0 = Debug|Any CPU
		{40A96F56-B522-419F-86EA-F17A5D93D2D3}.Debug|x64.ActiveCfg = Debug|Any CPU
		{40A96F56-B522-419F-86EA-F17A5D93D2D3}.Debug|x64.Build.0 = Debug|Any CPU
		{40A96F56-B522-419F-86EA-F17A5D93D2D3}.Debug|x86.ActiveCfg = Debug|Any CPU
		{40A96F56-B522-419F-86EA-F17A5D93D2D3}.Debug|x86.Build.0 = Debug|Any CPU
		{40A96F56-B522-419F-86EA-F17A5D93D2D3}.Release|Any CPU.ActiveCfg = Release|Any CPU
		{40A96F56-B522-419F-86EA-F17A5D93D2D3}.Release|Any CPU.Build.0 = Release|Any CPU
		{40A96F56-B522-419F-86EA-F17A5D93D2D3}.Release|x64.ActiveCfg = Release|Any CPU
		{40A96F56-B522-419F-86EA-F17A5D93D2D3}.Release|x64.Build.0 = Release|Any CPU
		{40A96F56-B522-419F-86EA-F17A5D93D2D3}.Release|x86.ActiveCfg = Release|Any CPU
		{40A96F56-B522-419F-86EA-F17A5D93D2D3}.Release|x86.Build.0 = Release|Any CPU
		{BFE4EBDF-521F-4F61-A6B5-A42654CFBB3A}.Debug|Any CPU.ActiveCfg = Debug|Any CPU
		{BFE4EBDF-521F-4F61-A6B5-A42654CFBB3A}.Debug|Any CPU.Build.0 = Debug|Any CPU
		{BFE4EBDF-521F-4F61-A6B5-A42654CFBB3A}.Debug|x64.ActiveCfg = Debug|Any CPU
		{BFE4EBDF-521F-4F61-A6B5-A42654CFBB3A}.Debug|x64.Build.0 = Debug|Any CPU
		{BFE4EBDF-521F-4F61-A6B5-A42654CFBB3A}.Debug|x86.ActiveCfg = Debug|Any CPU
		{BFE4EBDF-521F-4F61-A6B5-A42654CFBB3A}.Debug|x86.Build.0 = Debug|Any CPU
		{BFE4EBDF-521F-4F61-A6B5-A42654CFBB3A}.Release|Any CPU.ActiveCfg = Release|Any CPU
		{BFE4EBDF-521F-4F61-A6B5-A42654CFBB3A}.Release|Any CPU.Build.0 = Release|Any CPU
		{BFE4EBDF-521F-4F61-A6B5-A42654CFBB3A}.Release|x64.ActiveCfg = Release|Any CPU
		{BFE4EBDF-521F-4F61-A6B5-A42654CFBB3A}.Release|x64.Build.0 = Release|Any CPU
		{BFE4EBDF-521F-4F61-A6B5-A42654CFBB3A}.Release|x86.ActiveCfg = Release|Any CPU
		{BFE4EBDF-521F-4F61-A6B5-A42654CFBB3A}.Release|x86.Build.0 = Release|Any CPU
		{701B2F9F-C606-4734-B177-56C93F93184F}.Debug|Any CPU.ActiveCfg = Debug|Any CPU
		{701B2F9F-C606-4734-B177-56C93F93184F}.Debug|Any CPU.Build.0 = Debug|Any CPU
		{701B2F9F-C606-4734-B177-56C93F93184F}.Debug|x64.ActiveCfg = Debug|Any CPU
		{701B2F9F-C606-4734-B177-56C93F93184F}.Debug|x64.Build.0 = Debug|Any CPU
		{701B2F9F-C606-4734-B177-56C93F93184F}.Debug|x86.ActiveCfg = Debug|Any CPU
		{701B2F9F-C606-4734-B177-56C93F93184F}.Debug|x86.Build.0 = Debug|Any CPU
		{701B2F9F-C606-4734-B177-56C93F93184F}.Release|Any CPU.ActiveCfg = Release|Any CPU
		{701B2F9F-C606-4734-B177-56C93F93184F}.Release|Any CPU.Build.0 = Release|Any CPU
		{701B2F9F-C606-4734-B177-56C93F93184F}.Release|x64.ActiveCfg = Release|Any CPU
		{701B2F9F-C606-4734-B177-56C93F93184F}.Release|x64.Build.0 = Release|Any CPU
		{701B2F9F-C606-4734-B177-56C93F93184F}.Release|x86.ActiveCfg = Release|Any CPU
		{701B2F9F-C606-4734-B177-56C93F93184F}.Release|x86.Build.0 = Release|Any CPU
		{2E1272D2-3BE3-4589-AC68-A8CF1DF672E7}.Debug|Any CPU.ActiveCfg = Debug|Any CPU
		{2E1272D2-3BE3-4589-AC68-A8CF1DF672E7}.Debug|Any CPU.Build.0 = Debug|Any CPU
		{2E1272D2-3BE3-4589-AC68-A8CF1DF672E7}.Debug|x64.ActiveCfg = Debug|Any CPU
		{2E1272D2-3BE3-4589-AC68-A8CF1DF672E7}.Debug|x64.Build.0 = Debug|Any CPU
		{2E1272D2-3BE3-4589-AC68-A8CF1DF672E7}.Debug|x86.ActiveCfg = Debug|Any CPU
		{2E1272D2-3BE3-4589-AC68-A8CF1DF672E7}.Debug|x86.Build.0 = Debug|Any CPU
		{2E1272D2-3BE3-4589-AC68-A8CF1DF672E7}.Release|Any CPU.ActiveCfg = Release|Any CPU
		{2E1272D2-3BE3-4589-AC68-A8CF1DF672E7}.Release|Any CPU.Build.0 = Release|Any CPU
		{2E1272D2-3BE3-4589-AC68-A8CF1DF672E7}.Release|x64.ActiveCfg = Release|Any CPU
		{2E1272D2-3BE3-4589-AC68-A8CF1DF672E7}.Release|x64.Build.0 = Release|Any CPU
		{2E1272D2-3BE3-4589-AC68-A8CF1DF672E7}.Release|x86.ActiveCfg = Release|Any CPU
		{2E1272D2-3BE3-4589-AC68-A8CF1DF672E7}.Release|x86.Build.0 = Release|Any CPU
		{4EA5C9A2-1372-4C8A-BA06-9E517627B290}.Debug|Any CPU.ActiveCfg = Debug|Any CPU
		{4EA5C9A2-1372-4C8A-BA06-9E517627B290}.Debug|Any CPU.Build.0 = Debug|Any CPU
		{4EA5C9A2-1372-4C8A-BA06-9E517627B290}.Debug|x64.ActiveCfg = Debug|Any CPU
		{4EA5C9A2-1372-4C8A-BA06-9E517627B290}.Debug|x64.Build.0 = Debug|Any CPU
		{4EA5C9A2-1372-4C8A-BA06-9E517627B290}.Debug|x86.ActiveCfg = Debug|Any CPU
		{4EA5C9A2-1372-4C8A-BA06-9E517627B290}.Debug|x86.Build.0 = Debug|Any CPU
		{4EA5C9A2-1372-4C8A-BA06-9E517627B290}.Release|Any CPU.ActiveCfg = Release|Any CPU
		{4EA5C9A2-1372-4C8A-BA06-9E517627B290}.Release|Any CPU.Build.0 = Release|Any CPU
		{4EA5C9A2-1372-4C8A-BA06-9E517627B290}.Release|x64.ActiveCfg = Release|Any CPU
		{4EA5C9A2-1372-4C8A-BA06-9E517627B290}.Release|x64.Build.0 = Release|Any CPU
		{4EA5C9A2-1372-4C8A-BA06-9E517627B290}.Release|x86.ActiveCfg = Release|Any CPU
		{4EA5C9A2-1372-4C8A-BA06-9E517627B290}.Release|x86.Build.0 = Release|Any CPU
		{E8B672CC-0212-441F-9450-A50CFE249F8C}.Debug|Any CPU.ActiveCfg = Debug|Any CPU
		{E8B672CC-0212-441F-9450-A50CFE249F8C}.Debug|Any CPU.Build.0 = Debug|Any CPU
		{E8B672CC-0212-441F-9450-A50CFE249F8C}.Debug|x64.ActiveCfg = Debug|Any CPU
		{E8B672CC-0212-441F-9450-A50CFE249F8C}.Debug|x64.Build.0 = Debug|Any CPU
		{E8B672CC-0212-441F-9450-A50CFE249F8C}.Debug|x86.ActiveCfg = Debug|Any CPU
		{E8B672CC-0212-441F-9450-A50CFE249F8C}.Debug|x86.Build.0 = Debug|Any CPU
		{E8B672CC-0212-441F-9450-A50CFE249F8C}.Release|Any CPU.ActiveCfg = Release|Any CPU
		{E8B672CC-0212-441F-9450-A50CFE249F8C}.Release|Any CPU.Build.0 = Release|Any CPU
		{E8B672CC-0212-441F-9450-A50CFE249F8C}.Release|x64.ActiveCfg = Release|Any CPU
		{E8B672CC-0212-441F-9450-A50CFE249F8C}.Release|x64.Build.0 = Release|Any CPU
		{E8B672CC-0212-441F-9450-A50CFE249F8C}.Release|x86.ActiveCfg = Release|Any CPU
		{E8B672CC-0212-441F-9450-A50CFE249F8C}.Release|x86.Build.0 = Release|Any CPU
		{BD06D987-7DD2-4BB6-8B11-7488A66F3B44}.Debug|Any CPU.ActiveCfg = Debug|Any CPU
		{BD06D987-7DD2-4BB6-8B11-7488A66F3B44}.Debug|Any CPU.Build.0 = Debug|Any CPU
		{BD06D987-7DD2-4BB6-8B11-7488A66F3B44}.Debug|x64.ActiveCfg = Debug|Any CPU
		{BD06D987-7DD2-4BB6-8B11-7488A66F3B44}.Debug|x64.Build.0 = Debug|Any CPU
		{BD06D987-7DD2-4BB6-8B11-7488A66F3B44}.Debug|x86.ActiveCfg = Debug|Any CPU
		{BD06D987-7DD2-4BB6-8B11-7488A66F3B44}.Debug|x86.Build.0 = Debug|Any CPU
		{BD06D987-7DD2-4BB6-8B11-7488A66F3B44}.Release|Any CPU.ActiveCfg = Release|Any CPU
		{BD06D987-7DD2-4BB6-8B11-7488A66F3B44}.Release|Any CPU.Build.0 = Release|Any CPU
		{BD06D987-7DD2-4BB6-8B11-7488A66F3B44}.Release|x64.ActiveCfg = Release|Any CPU
		{BD06D987-7DD2-4BB6-8B11-7488A66F3B44}.Release|x64.Build.0 = Release|Any CPU
		{BD06D987-7DD2-4BB6-8B11-7488A66F3B44}.Release|x86.ActiveCfg = Release|Any CPU
		{BD06D987-7DD2-4BB6-8B11-7488A66F3B44}.Release|x86.Build.0 = Release|Any CPU
		{D1B8E69A-7ABD-46DA-84E8-3C5576C6CA04}.Debug|Any CPU.ActiveCfg = Debug|Any CPU
		{D1B8E69A-7ABD-46DA-84E8-3C5576C6CA04}.Debug|Any CPU.Build.0 = Debug|Any CPU
		{D1B8E69A-7ABD-46DA-84E8-3C5576C6CA04}.Debug|x64.ActiveCfg = Debug|Any CPU
		{D1B8E69A-7ABD-46DA-84E8-3C5576C6CA04}.Debug|x64.Build.0 = Debug|Any CPU
		{D1B8E69A-7ABD-46DA-84E8-3C5576C6CA04}.Debug|x86.ActiveCfg = Debug|Any CPU
		{D1B8E69A-7ABD-46DA-84E8-3C5576C6CA04}.Debug|x86.Build.0 = Debug|Any CPU
		{D1B8E69A-7ABD-46DA-84E8-3C5576C6CA04}.Release|Any CPU.ActiveCfg = Release|Any CPU
		{D1B8E69A-7ABD-46DA-84E8-3C5576C6CA04}.Release|Any CPU.Build.0 = Release|Any CPU
		{D1B8E69A-7ABD-46DA-84E8-3C5576C6CA04}.Release|x64.ActiveCfg = Release|Any CPU
		{D1B8E69A-7ABD-46DA-84E8-3C5576C6CA04}.Release|x64.Build.0 = Release|Any CPU
		{D1B8E69A-7ABD-46DA-84E8-3C5576C6CA04}.Release|x86.ActiveCfg = Release|Any CPU
		{D1B8E69A-7ABD-46DA-84E8-3C5576C6CA04}.Release|x86.Build.0 = Release|Any CPU
		{DE05B242-657F-4A18-A0BD-D5D9C69321A3}.Debug|Any CPU.ActiveCfg = Debug|Any CPU
		{DE05B242-657F-4A18-A0BD-D5D9C69321A3}.Debug|Any CPU.Build.0 = Debug|Any CPU
		{DE05B242-657F-4A18-A0BD-D5D9C69321A3}.Debug|x64.ActiveCfg = Debug|Any CPU
		{DE05B242-657F-4A18-A0BD-D5D9C69321A3}.Debug|x64.Build.0 = Debug|Any CPU
		{DE05B242-657F-4A18-A0BD-D5D9C69321A3}.Debug|x86.ActiveCfg = Debug|Any CPU
		{DE05B242-657F-4A18-A0BD-D5D9C69321A3}.Debug|x86.Build.0 = Debug|Any CPU
		{DE05B242-657F-4A18-A0BD-D5D9C69321A3}.Release|Any CPU.ActiveCfg = Release|Any CPU
		{DE05B242-657F-4A18-A0BD-D5D9C69321A3}.Release|Any CPU.Build.0 = Release|Any CPU
		{DE05B242-657F-4A18-A0BD-D5D9C69321A3}.Release|x64.ActiveCfg = Release|Any CPU
		{DE05B242-657F-4A18-A0BD-D5D9C69321A3}.Release|x64.Build.0 = Release|Any CPU
		{DE05B242-657F-4A18-A0BD-D5D9C69321A3}.Release|x86.ActiveCfg = Release|Any CPU
		{DE05B242-657F-4A18-A0BD-D5D9C69321A3}.Release|x86.Build.0 = Release|Any CPU
	EndGlobalSection
	GlobalSection(SolutionProperties) = preSolution
		HideSolutionNode = FALSE
	EndGlobalSection
	GlobalSection(NestedProjects) = preSolution
		{52BF7FB6-37FF-5100-EFD1-124EFF302675} = {827E0CD3-B72D-47B6-A68D-7590B98EB39B}
		{40A96F56-B522-419F-86EA-F17A5D93D2D3} = {52BF7FB6-37FF-5100-EFD1-124EFF302675}
		{BFE4EBDF-521F-4F61-A6B5-A42654CFBB3A} = {52BF7FB6-37FF-5100-EFD1-124EFF302675}
		{90298CBA-BD6F-3A0A-69D5-97CAD7B05E7E} = {827E0CD3-B72D-47B6-A68D-7590B98EB39B}
		{29198B4F-BA60-D483-6723-7BD064451595} = {90298CBA-BD6F-3A0A-69D5-97CAD7B05E7E}
		{701B2F9F-C606-4734-B177-56C93F93184F} = {29198B4F-BA60-D483-6723-7BD064451595}
		{6A36946C-4F06-BE70-24E6-0B0F125A7F9F} = {90298CBA-BD6F-3A0A-69D5-97CAD7B05E7E}
		{2E1272D2-3BE3-4589-AC68-A8CF1DF672E7} = {6A36946C-4F06-BE70-24E6-0B0F125A7F9F}
		{408E099D-E5BE-D435-3378-22A4F9BFB988} = {90298CBA-BD6F-3A0A-69D5-97CAD7B05E7E}
		{4EA5C9A2-1372-4C8A-BA06-9E517627B290} = {408E099D-E5BE-D435-3378-22A4F9BFB988}
		{24C9ED4C-8F0B-3BCC-025F-4C208F0D2521} = {90298CBA-BD6F-3A0A-69D5-97CAD7B05E7E}
		{E8B672CC-0212-441F-9450-A50CFE249F8C} = {24C9ED4C-8F0B-3BCC-025F-4C208F0D2521}
		{984BB9B3-3FA3-BE33-9484-CAC21695A33C} = {827E0CD3-B72D-47B6-A68D-7590B98EB39B}
		{C91C1CF1-1625-0789-F869-53D87D6277BA} = {984BB9B3-3FA3-BE33-9484-CAC21695A33C}
		{BD06D987-7DD2-4BB6-8B11-7488A66F3B44} = {C91C1CF1-1625-0789-F869-53D87D6277BA}
		{D1B8E69A-7ABD-46DA-84E8-3C5576C6CA04} = {C91C1CF1-1625-0789-F869-53D87D6277BA}
		{DE05B242-657F-4A18-A0BD-D5D9C69321A3} = {C91C1CF1-1625-0789-F869-53D87D6277BA}
	EndGlobalSection
EndGlobal
